
Microsoft Visual Studio Solution File, Format Version 12.00
# Visual Studio 15
VisualStudioVersion = 15.0.27130.2010
MinimumVisualStudioVersion = 10.0.40219.1
Project("{FAE04EC0-301F-11D3-BF4B-00C04F79EFBC}") = "ToDoMvcNew", "ToDoMvcNew\ToDoMvcNew.csproj", "{BD13EFD1-B9B3-4BAE-963B-37CC1BF200CB}"
EndProject
Global
	GlobalSection(SolutionConfigurationPlatforms) = preSolution
		Debug|Any CPU = Debug|Any CPU
		Release|Any CPU = Release|Any CPU
	EndGlobalSection
	GlobalSection(ProjectConfigurationPlatforms) = postSolution
		{BD13EFD1-B9B3-4BAE-963B-37CC1BF200CB}.Debug|Any CPU.ActiveCfg = Debug|Any CPU
		{BD13EFD1-B9B3-4BAE-963B-37CC1BF200CB}.Debug|Any CPU.Build.0 = Debug|Any CPU
		{BD13EFD1-B9B3-4BAE-963B-37CC1BF200CB}.Release|Any CPU.ActiveCfg = Release|Any CPU
		{BD13EFD1-B9B3-4BAE-963B-37CC1BF200CB}.Release|Any CPU.Build.0 = Release|Any CPU
	EndGlobalSection
	GlobalSection(SolutionProperties) = preSolution
		HideSolutionNode = FALSE
	EndGlobalSection
	GlobalSection(ExtensibilityGlobals) = postSolution
		SolutionGuid = {89BFFAC2-12DE-4843-9A39-D9A4EA4588A4}
	EndGlobalSection
EndGlobal
